
Microsoft Visual Studio Solution File, Format Version 12.00
# Visual Studio Version 16
VisualStudioVersion = 25.0.1700.0
MinimumVisualStudioVersion = 10.0.40219.1
Project("{FAE04EC0-301F-11D3-BF4B-00C04F79EFBC}") = "ContactFormHttpFunction", "ContactFormHttpFunction.csproj", "{78E8A4BF-CEA0-4E01-BAB5-69EEE02DD4AD}"
EndProject
Global
	GlobalSection(SolutionConfigurationPlatforms) = preSolution
		Debug|Any CPU = Debug|Any CPU
		Release|Any CPU = Release|Any CPU
	EndGlobalSection
	GlobalSection(ProjectConfigurationPlatforms) = postSolution
		{78E8A4BF-CEA0-4E01-BAB5-69EEE02DD4AD}.Debug|Any CPU.ActiveCfg = Debug|Any CPU
		{78E8A4BF-CEA0-4E01-BAB5-69EEE02DD4AD}.Debug|Any CPU.Build.0 = Debug|Any CPU
		{78E8A4BF-CEA0-4E01-BAB5-69EEE02DD4AD}.Release|Any CPU.ActiveCfg = Release|Any CPU
		{78E8A4BF-CEA0-4E01-BAB5-69EEE02DD4AD}.Release|Any CPU.Build.0 = Release|Any CPU
	EndGlobalSection
	GlobalSection(SolutionProperties) = preSolution
		HideSolutionNode = FALSE
	EndGlobalSection
	GlobalSection(ExtensibilityGlobals) = postSolution
		SolutionGuid = {FCE62C14-7386-4D6C-B801-7B9ECCAB93D9}
	EndGlobalSection
EndGlobal
